
Microsoft Visual Studio Solution File, Format Version 12.00
# Visual Studio Version 17
VisualStudioVersion = 17.0.31612.314
MinimumVisualStudioVersion = 10.0.40219.1
Project("{9A19103F-16F7-4668-BE54-9A1E7A4F7556}") = "TechnicalTestAPI", "TechnicalTestAPI\TechnicalTestAPI.csproj", "{E4B7FDE6-F709-404D-BBFE-012B1014D1B2}"
EndProject
Project("{9A19103F-16F7-4668-BE54-9A1E7A4F7556}") = "TechnicalTest.DTO", "TechnicalTest.DTO\TechnicalTest.DTO.csproj", "{C0AB3AC2-94F0-4F62-B6F9-C937B9BAD0B5}"
EndProject
Project("{9A19103F-16F7-4668-BE54-9A1E7A4F7556}") = "TechnicalTestAPI.Data", "TechnicalTestAPI.Data\TechnicalTestAPI.Data.csproj", "{F485223C-1895-4AC1-BF21-4286B94DB4DF}"
EndProject
Project("{9A19103F-16F7-4668-BE54-9A1E7A4F7556}") = "TechnicalTestAPI.Services", "TechnicalTestAPI.Services\TechnicalTestAPI.Services.csproj", "{0126B114-FDCC-46FF-BDD2-4BC670F0C853}"
EndProject
Project("{FAE04EC0-301F-11D3-BF4B-00C04F79EFBC}") = "TechnicalTestAPI.Common", "TechnicalTestAPI.Common\TechnicalTestAPI.Common.csproj", "{7635FEBB-6D5B-40E1-AA71-6047FA1D1A94}"
EndProject
Global
	GlobalSection(SolutionConfigurationPlatforms) = preSolution
		Debug|Any CPU = Debug|Any CPU
		Release|Any CPU = Release|Any CPU
	EndGlobalSection
	GlobalSection(ProjectConfigurationPlatforms) = postSolution
		{E4B7FDE6-F709-404D-BBFE-012B1014D1B2}.Debug|Any CPU.ActiveCfg = Debug|Any CPU
		{E4B7FDE6-F709-404D-BBFE-012B1014D1B2}.Debug|Any CPU.Build.0 = Debug|Any CPU
		{E4B7FDE6-F709-404D-BBFE-012B1014D1B2}.Release|Any CPU.ActiveCfg = Release|Any CPU
		{E4B7FDE6-F709-404D-BBFE-012B1014D1B2}.Release|Any CPU.Build.0 = Release|Any CPU
		{C0AB3AC2-94F0-4F62-B6F9-C937B9BAD0B5}.Debug|Any CPU.ActiveCfg = Debug|Any CPU
		{C0AB3AC2-94F0-4F62-B6F9-C937B9BAD0B5}.Debug|Any CPU.Build.0 = Debug|Any CPU
		{C0AB3AC2-94F0-4F62-B6F9-C937B9BAD0B5}.Release|Any CPU.ActiveCfg = Release|Any CPU
		{C0AB3AC2-94F0-4F62-B6F9-C937B9BAD0B5}.Release|Any CPU.Build.0 = Release|Any CPU
		{F485223C-1895-4AC1-BF21-4286B94DB4DF}.Debug|Any CPU.ActiveCfg = Debug|Any CPU
		{F485223C-1895-4AC1-BF21-4286B94DB4DF}.Debug|Any CPU.Build.0 = Debug|Any CPU
		{F485223C-1895-4AC1-BF21-4286B94DB4DF}.Release|Any CPU.ActiveCfg = Release|Any CPU
		{F485223C-1895-4AC1-BF21-4286B94DB4DF}.Release|Any CPU.Build.0 = Release|Any CPU
		{0126B114-FDCC-46FF-BDD2-4BC670F0C853}.Debug|Any CPU.ActiveCfg = Debug|Any CPU
		{0126B114-FDCC-46FF-BDD2-4BC670F0C853}.Debug|Any CPU.Build.0 = Debug|Any CPU
		{0126B114-FDCC-46FF-BDD2-4BC670F0C853}.Release|Any CPU.ActiveCfg = Release|Any CPU
		{0126B114-FDCC-46FF-BDD2-4BC670F0C853}.Release|Any CPU.Build.0 = Release|Any CPU
		{7635FEBB-6D5B-40E1-AA71-6047FA1D1A94}.Debug|Any CPU.ActiveCfg = Debug|Any CPU
		{7635FEBB-6D5B-40E1-AA71-6047FA1D1A94}.Debug|Any CPU.Build.0 = Debug|Any CPU
		{7635FEBB-6D5B-40E1-AA71-6047FA1D1A94}.Release|Any CPU.ActiveCfg = Release|Any CPU
		{7635FEBB-6D5B-40E1-AA71-6047FA1D1A94}.Release|Any CPU.Build.0 = Release|Any CPU
	EndGlobalSection
	GlobalSection(SolutionProperties) = preSolution
		HideSolutionNode = FALSE
	EndGlobalSection
	GlobalSection(ExtensibilityGlobals) = postSolution
		SolutionGuid = {BC75C973-54E1-4FD8-9159-B808524BE62F}
	EndGlobalSection
EndGlobal
